
Microsoft Visual Studio Solution File, Format Version 12.00
# Visual Studio Version 16
VisualStudioVersion = 16.0.29728.190
MinimumVisualStudioVersion = 10.0.40219.1
Project("{FAE04EC0-301F-11D3-BF4B-00C04F79EFBC}") = "ArtikliWPF", "ArtikliWPF.csproj", "{0FFE08F5-6717-463A-A7B2-2955EDC203C4}"
EndProject
Global
	GlobalSection(SolutionConfigurationPlatforms) = preSolution
		Debug|Any CPU = Debug|Any CPU
		Release|Any CPU = Release|Any CPU
	EndGlobalSection
	GlobalSection(ProjectConfigurationPlatforms) = postSolution
		{0FFE08F5-6717-463A-A7B2-2955EDC203C4}.Debug|Any CPU.ActiveCfg = Debug|Any CPU
		{0FFE08F5-6717-463A-A7B2-2955EDC203C4}.Debug|Any CPU.Build.0 = Debug|Any CPU
		{0FFE08F5-6717-463A-A7B2-2955EDC203C4}.Release|Any CPU.ActiveCfg = Release|Any CPU
		{0FFE08F5-6717-463A-A7B2-2955EDC203C4}.Release|Any CPU.Build.0 = Release|Any CPU
	EndGlobalSection
	GlobalSection(SolutionProperties) = preSolution
		HideSolutionNode = FALSE
	EndGlobalSection
	GlobalSection(ExtensibilityGlobals) = postSolution
		SolutionGuid = {A3657A54-CFD3-4A5F-9ED7-603F9072EAE2}
	EndGlobalSection
EndGlobal
